
Microsoft Visual Studio Solution File, Format Version 12.00
# Visual Studio Version 16
VisualStudioVersion = 16.0.35931.194
MinimumVisualStudioVersion = 10.0.40219.1
Project("{2150E333-8FDC-42A3-9474-1A3956D46DE8}") = "src", "src", "{65A37301-218C-49B2-868E-1732CD14E5CC}"
EndProject
Project("{FAE04EC0-301F-11D3-BF4B-00C04F79EFBC}") = "WinformsMVP", "WinformsMVP\WinformsMVP.csproj", "{C99309FC-BF3B-4A95-9750-A90AC626A0B3}"
EndProject
Project("{FAE04EC0-301F-11D3-BF4B-00C04F79EFBC}") = "WinformsMVP.Samples", "WinformsMVP.Samples\WinformsMVP.Samples.csproj", "{CFEF6708-FF61-409B-9F56-3664E1021CA3}"
EndProject
Project("{FAE04EC0-301F-11D3-BF4B-00C04F79EFBC}") = "WinformsMVP.Samples.Tests", "WinformsMVP.Samples.Tests\WinformsMVP.Samples.Tests.csproj", "{1C505253-1223-40D1-8B23-79A0786D371D}"
EndProject
Global
	GlobalSection(SolutionConfigurationPlatforms) = preSolution
		Debug|Any CPU = Debug|Any CPU
		Release|Any CPU = Release|Any CPU
	EndGlobalSection
	GlobalSection(ProjectConfigurationPlatforms) = postSolution
		{C99309FC-BF3B-4A95-9750-A90AC626A0B3}.Debug|Any CPU.ActiveCfg = Debug|Any CPU
		{C99309FC-BF3B-4A95-9750-A90AC626A0B3}.Debug|Any CPU.Build.0 = Debug|Any CPU
		{C99309FC-BF3B-4A95-9750-A90AC626A0B3}.Release|Any CPU.ActiveCfg = Release|Any CPU
		{C99309FC-BF3B-4A95-9750-A90AC626A0B3}.Release|Any CPU.Build.0 = Release|Any CPU
		{CFEF6708-FF61-409B-9F56-3664E1021CA3}.Debug|Any CPU.ActiveCfg = Debug|Any CPU
		{CFEF6708-FF61-409B-9F56-3664E1021CA3}.Debug|Any CPU.Build.0 = Debug|Any CPU
		{CFEF6708-FF61-409B-9F56-3664E1021CA3}.Release|Any CPU.ActiveCfg = Release|Any CPU
		{CFEF6708-FF61-409B-9F56-3664E1021CA3}.Release|Any CPU.Build.0 = Release|Any CPU
		{1C505253-1223-40D1-8B23-79A0786D371D}.Debug|Any CPU.ActiveCfg = Debug|Any CPU
		{1C505253-1223-40D1-8B23-79A0786D371D}.Debug|Any CPU.Build.0 = Debug|Any CPU
		{1C505253-1223-40D1-8B23-79A0786D371D}.Release|Any CPU.ActiveCfg = Release|Any CPU
		{1C505253-1223-40D1-8B23-79A0786D371D}.Release|Any CPU.Build.0 = Release|Any CPU
	EndGlobalSection
	GlobalSection(SolutionProperties) = preSolution
		HideSolutionNode = FALSE
	EndGlobalSection
	GlobalSection(NestedProjects) = preSolution
		{C99309FC-BF3B-4A95-9750-A90AC626A0B3} = {65A37301-218C-49B2-868E-1732CD14E5CC}
		{CFEF6708-FF61-409B-9F56-3664E1021CA3} = {65A37301-218C-49B2-868E-1732CD14E5CC}
		{1C505253-1223-40D1-8B23-79A0786D371D} = {65A37301-218C-49B2-868E-1732CD14E5CC}
	EndGlobalSection
	GlobalSection(ExtensibilityGlobals) = postSolution
		SolutionGuid = {6DE6A185-1BB3-4AFA-8F25-8F1A8AF418FD}
	EndGlobalSection
EndGlobal
